// !$*UTF8*$!
{
	archiveVersion = 1;
	classes = {
	};
	objectVersion = 77;
	objects = {

/* Begin PBXBuildFile section */
		F48EC0BE2CA2209400217D93 /* CVSAPIService in Frameworks */ = {isa = PBXBuildFile; productRef = F48EC0BD2CA2209400217D93 /* CVSAPIService */; };
/* End PBXBuildFile section */

/* Begin PBXContainerItemProxy section */
		F48EC0A02CA215DE00217D93 /* PBXContainerItemProxy */ = {
			isa = PBXContainerItemProxy;
			containerPortal = F48EC0872CA215DC00217D93 /* Project object */;
			proxyType = 1;
			remoteGlobalIDString = F48EC08E2CA215DC00217D93;
			remoteInfo = CVS;
		};
		F48EC0AA2CA215DE00217D93 /* PBXContainerItemProxy */ = {
			isa = PBXContainerItemProxy;
			containerPortal = F48EC0872CA215DC00217D93 /* Project object */;
			proxyType = 1;
			remoteGlobalIDString = F48EC08E2CA215DC00217D93;
			remoteInfo = CVS;
		};
/* End PBXContainerItemProxy section */

/* Begin PBXFileReference section */
		F48EC08F2CA215DC00217D93 /* CVS.app */ = {isa = PBXFileReference; explicitFileType = wrapper.application; includeInIndex = 0; path = CVS.app; sourceTree = BUILT_PRODUCTS_DIR; };
		F48EC09F2CA215DE00217D93 /* CVSTests.xctest */ = {isa = PBXFileReference; explicitFileType = wrapper.cfbundle; includeInIndex = 0; path = CVSTests.xctest; sourceTree = BUILT_PRODUCTS_DIR; };
		F48EC0A92CA215DE00217D93 /* CVSUITests.xctest */ = {isa = PBXFileReference; explicitFileType = wrapper.cfbundle; includeInIndex = 0; path = CVSUITests.xctest; sourceTree = BUILT_PRODUCTS_DIR; };
/* End PBXFileReference section */

/* Begin PBXFileSystemSynchronizedRootGroup section */
		F48EC0912CA215DC00217D93 /* CVS */ = {
			isa = PBXFileSystemSynchronizedRootGroup;
			path = CVS;
			sourceTree = "<group>";
		};
		F48EC0A22CA215DE00217D93 /* CVSTests */ = {
			isa = PBXFileSystemSynchronizedRootGroup;
			path = CVSTests;
			sourceTree = "<group>";
		};
		F48EC0AC2CA215DE00217D93 /* CVSUITests */ = {
			isa = PBXFileSystemSynchronizedRootGroup;
			path = CVSUITests;
			sourceTree = "<group>";
		};
/* End PBXFileSystemSynchronizedRootGroup section */

/* Begin PBXFrameworksBuildPhase section */
		F48EC08C2CA215DC00217D93 /* Frameworks */ = {
			isa = PBXFrameworksBuildPhase;
			buildActionMask = 2147483647;
			files = (
				F48EC0BE2CA2209400217D93 /* CVSAPIService in Frameworks */,
			);
			runOnlyForDeploymentPostprocessing = 0;
		};
		F48EC09C2CA215DE00217D93 /* Frameworks */ = {
			isa = PBXFrameworksBuildPhase;
			buildActionMask = 2147483647;
			files = (
			);
			runOnlyForDeploymentPostprocessing = 0;
		};
		F48EC0A62CA215DE00217D93 /* Frameworks */ = {
			isa = PBXFrameworksBuildPhase;
			buildActionMask = 2147483647;
			files = (
			);
			runOnlyForDeploymentPostprocessing = 0;
		};
/* End PBXFrameworksBuildPhase section */

/* Begin PBXGroup section */
		F48EC0862CA215DC00217D93 = {
			isa = PBXGroup;
			children = (
				F48EC0912CA215DC00217D93 /* CVS */,
				F48EC0A22CA215DE00217D93 /* CVSTests */,
				F48EC0AC2CA215DE00217D93 /* CVSUITests */,
				F48EC0902CA215DC00217D93 /* Products */,
			);
			sourceTree = "<group>";
		};
		F48EC0902CA215DC00217D93 /* Products */ = {
			isa = PBXGroup;
			children = (
				F48EC08F2CA215DC00217D93 /* CVS.app */,
				F48EC09F2CA215DE00217D93 /* CVSTests.xctest */,
				F48EC0A92CA215DE00217D93 /* CVSUITests.xctest */,
			);
			name = Products;
			sourceTree = "<group>";
		};
/* End PBXGroup section */

/* Begin PBXNativeTarget section */
		F48EC08E2CA215DC00217D93 /* CVS */ = {
			isa = PBXNativeTarget;
			buildConfigurationList = F48EC0B32CA215DE00217D93 /* Build configuration list for PBXNativeTarget "CVS" */;
			buildPhases = (
				F48EC08B2CA215DC00217D93 /* Sources */,
				F48EC08C2CA215DC00217D93 /* Frameworks */,
				F48EC08D2CA215DC00217D93 /* Resources */,
			);
			buildRules = (
			);
			dependencies = (
			);
			fileSystemSynchronizedGroups = (
				F48EC0912CA215DC00217D93 /* CVS */,
			);
			name = CVS;
			packageProductDependencies = (
				F48EC0BD2CA2209400217D93 /* CVSAPIService */,
			);
			productName = CVS;
			productReference = F48EC08F2CA215DC00217D93 /* CVS.app */;
			productType = "com.apple.product-type.application";
		};
		F48EC09E2CA215DE00217D93 /* CVSTests */ = {
			isa = PBXNativeTarget;
			buildConfigurationList = F48EC0B62CA215DE00217D93 /* Build configuration list for PBXNativeTarget "CVSTests" */;
			buildPhases = (
				F48EC09B2CA215DE00217D93 /* Sources */,
				F48EC09C2CA215DE00217D93 /* Frameworks */,
				F48EC09D2CA215DE00217D93 /* Resources */,
			);
			buildRules = (
			);
			dependencies = (
				F48EC0A12CA215DE00217D93 /* PBXTargetDependency */,
			);
			fileSystemSynchronizedGroups = (
				F48EC0A22CA215DE00217D93 /* CVSTests */,
			);
			name = CVSTests;
			packageProductDependencies = (
			);
			productName = CVSTests;
			productReference = F48EC09F2CA215DE00217D93 /* CVSTests.xctest */;
			productType = "com.apple.product-type.bundle.unit-test";
		};
		F48EC0A82CA215DE00217D93 /* CVSUITests */ = {
			isa = PBXNativeTarget;
			buildConfigurationList = F48EC0B92CA215DE00217D93 /* Build configuration list for PBXNativeTarget "CVSUITests" */;
			buildPhases = (
				F48EC0A52CA215DE00217D93 /* Sources */,
				F48EC0A62CA215DE00217D93 /* Frameworks */,
				F48EC0A72CA215DE00217D93 /* Resources */,
			);
			buildRules = (
			);
			dependencies = (
				F48EC0AB2CA215DE00217D93 /* PBXTargetDependency */,
			);
			fileSystemSynchronizedGroups = (
				F48EC0AC2CA215DE00217D93 /* CVSUITests */,
			);
			name = CVSUITests;
			packageProductDependencies = (
			);
			productName = CVSUITests;
			productReference = F48EC0A92CA215DE00217D93 /* CVSUITests.xctest */;
			productType = "com.apple.product-type.bundle.ui-testing";
		};
/* End PBXNativeTarget section */

/* Begin PBXProject section */
		F48EC0872CA215DC00217D93 /* Project object */ = {
			isa = PBXProject;
			attributes = {
				BuildIndependentTargetsInParallel = 1;
				LastSwiftUpdateCheck = 1600;
				LastUpgradeCheck = 1600;
				TargetAttributes = {
					F48EC08E2CA215DC00217D93 = {
						CreatedOnToolsVersion = 16.0;
					};
					F48EC09E2CA215DE00217D93 = {
						CreatedOnToolsVersion = 16.0;
						TestTargetID = F48EC08E2CA215DC00217D93;
					};
					F48EC0A82CA215DE00217D93 = {
						CreatedOnToolsVersion = 16.0;
						TestTargetID = F48EC08E2CA215DC00217D93;
					};
				};
			};
			buildConfigurationList = F48EC08A2CA215DC00217D93 /* Build configuration list for PBXProject "CVS" */;
			developmentRegion = en;
			hasScannedForEncodings = 0;
			knownRegions = (
				en,
				Base,
			);
			mainGroup = F48EC0862CA215DC00217D93;
			minimizedProjectReferenceProxies = 1;
			packageReferences = (
				F48EC0BC2CA2209400217D93 /* XCLocalSwiftPackageReference "../CVSAPIService" */,
			);
			preferredProjectObjectVersion = 77;
			productRefGroup = F48EC0902CA215DC00217D93 /* Products */;
			projectDirPath = "";
			projectRoot = "";
			targets = (
				F48EC08E2CA215DC00217D93 /* CVS */,
				F48EC09E2CA215DE00217D93 /* CVSTests */,
				F48EC0A82CA215DE00217D93 /* CVSUITests */,
			);
		};
/* End PBXProject section */

/* Begin PBXResourcesBuildPhase section */
		F48EC08D2CA215DC00217D93 /* Resources */ = {
			isa = PBXResourcesBuildPhase;
			buildActionMask = 2147483647;
			files = (
			);
			runOnlyForDeploymentPostprocessing = 0;
		};
		F48EC09D2CA215DE00217D93 /* Resources */ = {
			isa = PBXResourcesBuildPhase;
			buildActionMask = 2147483647;
			files = (
			);
			runOnlyForDeploymentPostprocessing = 0;
		};
		F48EC0A72CA215DE00217D93 /* Resources */ = {
			isa = PBXResourcesBuildPhase;
			buildActionMask = 2147483647;
			files = (
			);
			runOnlyForDeploymentPostprocessing = 0;
		};
/* End PBXResourcesBuildPhase section */

/* Begin PBXSourcesBuildPhase section */
		F48EC08B2CA215DC00217D93 /* Sources */ = {
			isa = PBXSourcesBuildPhase;
			buildActionMask = 2147483647;
			files = (
			);
			runOnlyForDeploymentPostprocessing = 0;
		};
		F48EC09B2CA215DE00217D93 /* Sources */ = {
			isa = PBXSourcesBuildPhase;
			buildActionMask = 2147483647;
			files = (
			);
			runOnlyForDeploymentPostprocessing = 0;
		};
		F48EC0A52CA215DE00217D93 /* Sources */ = {
			isa = PBXSourcesBuildPhase;
			buildActionMask = 2147483647;
			files = (
			);
			runOnlyForDeploymentPostprocessing = 0;
		};
/* End PBXSourcesBuildPhase section */

/* Begin PBXTargetDependency section */
		F48EC0A12CA215DE00217D93 /* PBXTargetDependency */ = {
			isa = PBXTargetDependency;
			target = F48EC08E2CA215DC00217D93 /* CVS */;
			targetProxy = F48EC0A02CA215DE00217D93 /* PBXContainerItemProxy */;
		};
		F48EC0AB2CA215DE00217D93 /* PBXTargetDependency */ = {
			isa = PBXTargetDependency;
			target = F48EC08E2CA215DC00217D93 /* CVS */;
			targetProxy = F48EC0AA2CA215DE00217D93 /* PBXContainerItemProxy */;
		};
/* End PBXTargetDependency section */

/* Begin XCBuildConfiguration section */
		F48EC0B12CA215DE00217D93 /* Debug */ = {
			isa = XCBuildConfiguration;
			buildSettings = {
				ALWAYS_SEARCH_USER_PATHS = NO;
				ASSETCATALOG_COMPILER_GENERATE_SWIFT_ASSET_SYMBOL_EXTENSIONS = YES;
				CLANG_ANALYZER_NONNULL = YES;
				CLANG_ANALYZER_NUMBER_OBJECT_CONVERSION = YES_AGGRESSIVE;
				CLANG_CXX_LANGUAGE_STANDARD = "gnu++20";
				CLANG_ENABLE_MODULES = YES;
				CLANG_ENABLE_OBJC_ARC = YES;
				CLANG_ENABLE_OBJC_WEAK = YES;
				CLANG_WARN_BLOCK_CAPTURE_AUTORELEASING = YES;
				CLANG_WARN_BOOL_CONVERSION = YES;
				CLANG_WARN_COMMA = YES;
				CLANG_WARN_CONSTANT_CONVERSION = YES;
				CLANG_WARN_DEPRECATED_OBJC_IMPLEMENTATIONS = YES;
				CLANG_WARN_DIRECT_OBJC_ISA_USAGE = YES_ERROR;
				CLANG_WARN_DOCUMENTATION_COMMENTS = YES;
				CLANG_WARN_EMPTY_BODY = YES;
				CLANG_WARN_ENUM_CONVERSION = YES;
				CLANG_WARN_INFINITE_RECURSION = YES;
				CLANG_WARN_INT_CONVERSION = YES;
				CLANG_WARN_NON_LITERAL_NULL_CONVERSION = YES;
				CLANG_WARN_OBJC_IMPLICIT_RETAIN_SELF = YES;
				CLANG_WARN_OBJC_LITERAL_CONVERSION = YES;
				CLANG_WARN_OBJC_ROOT_CLASS = YES_ERROR;
				CLANG_WARN_QUOTED_INCLUDE_IN_FRAMEWORK_HEADER = YES;
				CLANG_WARN_RANGE_LOOP_ANALYSIS = YES;
				CLANG_WARN_STRICT_PROTOTYPES = YES;
				CLANG_WARN_SUSPICIOUS_MOVE = YES;
				CLANG_WARN_UNGUARDED_AVAILABILITY = YES_AGGRESSIVE;
				CLANG_WARN_UNREACHABLE_CODE = YES;
				CLANG_WARN__DUPLICATE_METHOD_MATCH = YES;
				COPY_PHASE_STRIP = NO;
				DEBUG_INFORMATION_FORMAT = dwarf;
				ENABLE_STRICT_OBJC_MSGSEND = YES;
				ENABLE_TESTABILITY = YES;
				ENABLE_USER_SCRIPT_SANDBOXING = YES;
				GCC_C_LANGUAGE_STANDARD = gnu17;
				GCC_DYNAMIC_NO_PIC = NO;
				GCC_NO_COMMON_BLOCKS = YES;
				GCC_OPTIMIZATION_LEVEL = 0;
				GCC_PREPROCESSOR_DEFINITIONS = (
					"DEBUG=1",
					"$(inherited)",
				);
				GCC_WARN_64_TO_32_BIT_CONVERSION = YES;
				GCC_WARN_ABOUT_RETURN_TYPE = YES_ERROR;
				GCC_WARN_UNDECLARED_SELECTOR = YES;
				GCC_WARN_UNINITIALIZED_AUTOS = YES_AGGRESSIVE;
				GCC_WARN_UNUSED_FUNCTION = YES;
				GCC_WARN_UNUSED_VARIABLE = YES;
				IPHONEOS_DEPLOYMENT_TARGET = 18.0;
				LOCALIZATION_PREFERS_STRING_CATALOGS = YES;
				MTL_ENABLE_DEBUG_INFO = INCLUDE_SOURCE;
				MTL_FAST_MATH = YES;
				ONLY_ACTIVE_ARCH = YES;
				SDKROOT = iphoneos;
				SWIFT_ACTIVE_COMPILATION_CONDITIONS = "DEBUG $(inherited)";
				SWIFT_OPTIMIZATION_LEVEL = "-Onone";
			};
			name = Debug;
		};
		F48EC0B22CA215DE00217D93 /* Release */ = {
			isa = XCBuildConfiguration;
			buildSettings = {
				ALWAYS_SEARCH_USER_PATHS = NO;
				ASSETCATALOG_COMPILER_GENERATE_SWIFT_ASSET_SYMBOL_EXTENSIONS = YES;
				CLANG_ANALYZER_NONNULL = YES;
				CLANG_ANALYZER_NUMBER_OBJECT_CONVERSION = YES_AGGRESSIVE;
				CLANG_CXX_LANGUAGE_STANDARD = "gnu++20";
				CLANG_ENABLE_MODULES = YES;
				CLANG_ENABLE_OBJC_ARC = YES;
				CLANG_ENABLE_OBJC_WEAK = YES;
				CLANG_WARN_BLOCK_CAPTURE_AUTORELEASING = YES;
				CLANG_WARN_BOOL_CONVERSION = YES;
				CLANG_WARN_COMMA = YES;
				CLANG_WARN_CONSTANT_CONVERSION = YES;
				CLANG_WARN_DEPRECATED_OBJC_IMPLEMENTATIONS = YES;
				CLANG_WARN_DIRECT_OBJC_ISA_USAGE = YES_ERROR;
				CLANG_WARN_DOCUMENTATION_COMMENTS = YES;
				CLANG_WARN_EMPTY_BODY = YES;
				CLANG_WARN_ENUM_CONVERSION = YES;
				CLANG_WARN_INFINITE_RECURSION = YES;
				CLANG_WARN_INT_CONVERSION = YES;
				CLANG_WARN_NON_LITERAL_NULL_CONVERSION = YES;
				CLANG_WARN_OBJC_IMPLICIT_RETAIN_SELF = YES;
				CLANG_WARN_OBJC_LITERAL_CONVERSION = YES;
				CLANG_WARN_OBJC_ROOT_CLASS = YES_ERROR;
				CLANG_WARN_QUOTED_INCLUDE_IN_FRAMEWORK_HEADER = YES;
				CLANG_WARN_RANGE_LOOP_ANALYSIS = YES;
				CLANG_WARN_STRICT_PROTOTYPES = YES;
				CLANG_WARN_SUSPICIOUS_MOVE = YES;
				CLANG_WARN_UNGUARDED_AVAILABILITY = YES_AGGRESSIVE;
				CLANG_WARN_UNREACHABLE_CODE = YES;
				CLANG_WARN__DUPLICATE_METHOD_MATCH = YES;
				COPY_PHASE_STRIP = NO;
				DEBUG_INFORMATION_FORMAT = "dwarf-with-dsym";
				ENABLE_NS_ASSERTIONS = NO;
				ENABLE_STRICT_OBJC_MSGSEND = YES;
				ENABLE_USER_SCRIPT_SANDBOXING = YES;
				GCC_C_LANGUAGE_STANDARD = gnu17;
				GCC_NO_COMMON_BLOCKS = YES;
				GCC_WARN_64_TO_32_BIT_CONVERSION = YES;
				GCC_WARN_ABOUT_RETURN_TYPE = YES_ERROR;
				GCC_WARN_UNDECLARED_SELECTOR = YES;
				GCC_WARN_UNINITIALIZED_AUTOS = YES_AGGRESSIVE;
				GCC_WARN_UNUSED_FUNCTION = YES;
				GCC_WARN_UNUSED_VARIABLE = YES;
				IPHONEOS_DEPLOYMENT_TARGET = 18.0;
				LOCALIZATION_PREFERS_STRING_CATALOGS = YES;
				MTL_ENABLE_DEBUG_INFO = NO;
				MTL_FAST_MATH = YES;
				SDKROOT = iphoneos;
				SWIFT_COMPILATION_MODE = wholemodule;
				VALIDATE_PRODUCT = YES;
			};
			name = Release;
		};
		F48EC0B42CA215DE00217D93 /* Debug */ = {
			isa = XCBuildConfiguration;
			buildSettings = {
				ASSETCATALOG_COMPILER_APPICON_NAME = AppIcon;
				ASSETCATALOG_COMPILER_GLOBAL_ACCENT_COLOR_NAME = AccentColor;
				CODE_SIGN_STYLE = Automatic;
				CURRENT_PROJECT_VERSION = 1;
				DEVELOPMENT_ASSET_PATHS = "\"CVS/Preview Content\"";
				DEVELOPMENT_TEAM = 48G34LX7UB;
				ENABLE_PREVIEWS = YES;
				GENERATE_INFOPLIST_FILE = YES;
				INFOPLIST_KEY_UIApplicationSceneManifest_Generation = YES;
				INFOPLIST_KEY_UIApplicationSupportsIndirectInputEvents = YES;
				INFOPLIST_KEY_UILaunchScreen_Generation = YES;
				INFOPLIST_KEY_UISupportedInterfaceOrientations_iPad = "UIInterfaceOrientationPortrait UIInterfaceOrientationPortraitUpsideDown UIInterfaceOrientationLandscapeLeft UIInterfaceOrientationLandscapeRight";
				INFOPLIST_KEY_UISupportedInterfaceOrientations_iPhone = "UIInterfaceOrientationPortrait UIInterfaceOrientationLandscapeLeft UIInterfaceOrientationLandscapeRight";
				LD_RUNPATH_SEARCH_PATHS = (
					"$(inherited)",
					"@executable_path/Frameworks",
				);
				MARKETING_VERSION = 1.0;
				PRODUCT_BUNDLE_IDENTIFIER = Bocanasa.CVS;
				PRODUCT_NAME = "$(TARGET_NAME)";
				SWIFT_EMIT_LOC_STRINGS = YES;
				SWIFT_VERSION = 5.0;
				TARGETED_DEVICE_FAMILY = "1,2";
			};
			name = Debug;
		};
		F48EC0B52CA215DE00217D93 /* Release */ = {
			isa = XCBuildConfiguration;
			buildSettings = {
				ASSETCATALOG_COMPILER_APPICON_NAME = AppIcon;
				ASSETCATALOG_COMPILER_GLOBAL_ACCENT_COLOR_NAME = AccentColor;
				CODE_SIGN_STYLE = Automatic;
				CURRENT_PROJECT_VERSION = 1;
				DEVELOPMENT_ASSET_PATHS = "\"CVS/Preview Content\"";
				DEVELOPMENT_TEAM = 48G34LX7UB;
				ENABLE_PREVIEWS = YES;
				GENERATE_INFOPLIST_FILE = YES;
				INFOPLIST_KEY_UIApplicationSceneManifest_Generation = YES;
				INFOPLIST_KEY_UIApplicationSupportsIndirectInputEvents = YES;
				INFOPLIST_KEY_UILaunchScreen_Generation = YES;
				INFOPLIST_KEY_UISupportedInterfaceOrientations_iPad = "UIInterfaceOrientationPortrait UIInterfaceOrientationPortraitUpsideDown UIInterfaceOrientationLandscapeLeft UIInterfaceOrientationLandscapeRight";
				INFOPLIST_KEY_UISupportedInterfaceOrientations_iPhone = "UIInterfaceOrientationPortrait UIInterfaceOrientationLandscapeLeft UIInterfaceOrientationLandscapeRight";
				LD_RUNPATH_SEARCH_PATHS = (
					"$(inherited)",
					"@executable_path/Frameworks",
				);
				MARKETING_VERSION = 1.0;
				PRODUCT_BUNDLE_IDENTIFIER = Bocanasa.CVS;
				PRODUCT_NAME = "$(TARGET_NAME)";
				SWIFT_EMIT_LOC_STRINGS = YES;
				SWIFT_VERSION = 5.0;
				TARGETED_DEVICE_FAMILY = "1,2";
			};
			name = Release;
		};
		F48EC0B72CA215DE00217D93 /* Debug */ = {
			isa = XCBuildConfiguration;
			buildSettings = {
				BUNDLE_LOADER = "$(TEST_HOST)";
				CODE_SIGN_STYLE = Automatic;
				CURRENT_PROJECT_VERSION = 1;
				DEVELOPMENT_TEAM = 48G34LX7UB;
				GENERATE_INFOPLIST_FILE = YES;
				IPHONEOS_DEPLOYMENT_TARGET = 18.0;
				MARKETING_VERSION = 1.0;
				PRODUCT_BUNDLE_IDENTIFIER = Bocanasa.CVSTests;
				PRODUCT_NAME = "$(TARGET_NAME)";
				SWIFT_EMIT_LOC_STRINGS = NO;
				SWIFT_VERSION = 5.0;
				TARGETED_DEVICE_FAMILY = "1,2";
				TEST_HOST = "$(BUILT_PRODUCTS_DIR)/CVS.app/$(BUNDLE_EXECUTABLE_FOLDER_PATH)/CVS";
			};
			name = Debug;
		};
		F48EC0B82CA215DE00217D93 /* Release */ = {
			isa = XCBuildConfiguration;
			buildSettings = {
				BUNDLE_LOADER = "$(TEST_HOST)";
				CODE_SIGN_STYLE = Automatic;
				CURRENT_PROJECT_VERSION = 1;
				DEVELOPMENT_TEAM = 48G34LX7UB;
				GENERATE_INFOPLIST_FILE = YES;
				IPHONEOS_DEPLOYMENT_TARGET = 18.0;
				MARKETING_VERSION = 1.0;
				PRODUCT_BUNDLE_IDENTIFIER = Bocanasa.CVSTests;
				PRODUCT_NAME = "$(TARGET_NAME)";
				SWIFT_EMIT_LOC_STRINGS = NO;
				SWIFT_VERSION = 5.0;
				TARGETED_DEVICE_FAMILY = "1,2";
				TEST_HOST = "$(BUILT_PRODUCTS_DIR)/CVS.app/$(BUNDLE_EXECUTABLE_FOLDER_PATH)/CVS";
			};
			name = Release;
		};
		F48EC0BA2CA215DE00217D93 /* Debug */ = {
			isa = XCBuildConfiguration;
			buildSettings = {
				CODE_SIGN_STYLE = Automatic;
				CURRENT_PROJECT_VERSION = 1;
				DEVELOPMENT_TEAM = 48G34LX7UB;
				GENERATE_INFOPLIST_FILE = YES;
				MARKETING_VERSION = 1.0;
				PRODUCT_BUNDLE_IDENTIFIER = Bocanasa.CVSUITests;
				PRODUCT_NAME = "$(TARGET_NAME)";
				SWIFT_EMIT_LOC_STRINGS = NO;
				SWIFT_VERSION = 5.0;
				TARGETED_DEVICE_FAMILY = "1,2";
				TEST_TARGET_NAME = CVS;
			};
			name = Debug;
		};
		F48EC0BB2CA215DE00217D93 /* Release */ = {
			isa = XCBuildConfiguration;
			buildSettings = {
				CODE_SIGN_STYLE = Automatic;
				CURRENT_PROJECT_VERSION = 1;
				DEVELOPMENT_TEAM = 48G34LX7UB;
				GENERATE_INFOPLIST_FILE = YES;
				MARKETING_VERSION = 1.0;
				PRODUCT_BUNDLE_IDENTIFIER = Bocanasa.CVSUITests;
				PRODUCT_NAME = "$(TARGET_NAME)";
				SWIFT_EMIT_LOC_STRINGS = NO;
				SWIFT_VERSION = 5.0;
				TARGETED_DEVICE_FAMILY = "1,2";
				TEST_TARGET_NAME = CVS;
			};
			name = Release;
		};
/* End XCBuildConfiguration section */

/* Begin XCConfigurationList section */
		F48EC08A2CA215DC00217D93 /* Build configuration list for PBXProject "CVS" */ = {
			isa = XCConfigurationList;
			buildConfigurations = (
				F48EC0B12CA215DE00217D93 /* Debug */,
				F48EC0B22CA215DE00217D93 /* Release */,
			);
			defaultConfigurationIsVisible = 0;
			defaultConfigurationName = Release;
		};
		F48EC0B32CA215DE00217D93 /* Build configuration list for PBXNativeTarget "CVS" */ = {
			isa = XCConfigurationList;
			buildConfigurations = (
				F48EC0B42CA215DE00217D93 /* Debug */,
				F48EC0B52CA215DE00217D93 /* Release */,
			);
			defaultConfigurationIsVisible = 0;
			defaultConfigurationName = Release;
		};
		F48EC0B62CA215DE00217D93 /* Build configuration list for PBXNativeTarget "CVSTests" */ = {
			isa = XCConfigurationList;
			buildConfigurations = (
				F48EC0B72CA215DE00217D93 /* Debug */,
				F48EC0B82CA215DE00217D93 /* Release */,
			);
			defaultConfigurationIsVisible = 0;
			defaultConfigurationName = Release;
		};
		F48EC0B92CA215DE00217D93 /* Build configuration list for PBXNativeTarget "CVSUITests" */ = {
			isa = XCConfigurationList;
			buildConfigurations = (
				F48EC0BA2CA215DE00217D93 /* Debug */,
				F48EC0BB2CA215DE00217D93 /* Release */,
			);
			defaultConfigurationIsVisible = 0;
			defaultConfigurationName = Release;
		};
/* End XCConfigurationList section */

/* Begin XCLocalSwiftPackageReference section */
		F48EC0BC2CA2209400217D93 /* XCLocalSwiftPackageReference "../CVSAPIService" */ = {
			isa = XCLocalSwiftPackageReference;
			relativePath = ../CVSAPIService;
		};
/* End XCLocalSwiftPackageReference section */

/* Begin XCSwiftPackageProductDependency section */
		F48EC0BD2CA2209400217D93 /* CVSAPIService */ = {
			isa = XCSwiftPackageProductDependency;
			productName = CVSAPIService;
		};
/* End XCSwiftPackageProductDependency section */
	};
	rootObject = F48EC0872CA215DC00217D93 /* Project object */;
}
